
Microsoft Visual Studio Solution File, Format Version 12.00
# Visual Studio Version 17
VisualStudioVersion = 17.4.33205.214
MinimumVisualStudioVersion = 10.0.40219.1
Project("{FAE04EC0-301F-11D3-BF4B-00C04F79EFBC}") = "PuppiesAPI", "PuppiesAPI\PuppiesAPI.csproj", "{39BF1DCB-BC9D-4773-B2FE-C554F57D5F48}"
EndProject
Global
	GlobalSection(SolutionConfigurationPlatforms) = preSolution
		Debug|Any CPU = Debug|Any CPU
		Release|Any CPU = Release|Any CPU
	EndGlobalSection
	GlobalSection(ProjectConfigurationPlatforms) = postSolution
		{39BF1DCB-BC9D-4773-B2FE-C554F57D5F48}.Debug|Any CPU.ActiveCfg = Debug|Any CPU
		{39BF1DCB-BC9D-4773-B2FE-C554F57D5F48}.Debug|Any CPU.Build.0 = Debug|Any CPU
		{39BF1DCB-BC9D-4773-B2FE-C554F57D5F48}.Release|Any CPU.ActiveCfg = Release|Any CPU
		{39BF1DCB-BC9D-4773-B2FE-C554F57D5F48}.Release|Any CPU.Build.0 = Release|Any CPU
	EndGlobalSection
	GlobalSection(SolutionProperties) = preSolution
		HideSolutionNode = FALSE
	EndGlobalSection
	GlobalSection(ExtensibilityGlobals) = postSolution
		SolutionGuid = {A7324858-8ECD-4A04-A646-36D40BB4289A}
	EndGlobalSection
EndGlobal
